// !$*UTF8*$!
{
	archiveVersion = 1;
	classes = {
	};
	objectVersion = 77;
	objects = {

/* Begin PBXBuildFile section */
		1ED07A912F0BF6D00029B7E7 /* MetalView.swift in Sources */ = {isa = PBXBuildFile; fileRef = 1ED07A8D2F0BF6D00029B7E7 /* MetalView.swift */; };
		1ED07A922F0BF6D00029B7E7 /* DepthTestApp.swift in Sources */ = {isa = PBXBuildFile; fileRef = 1ED07A8E2F0BF6D00029B7E7 /* DepthTestApp.swift */; };
		1ED07A932F0BF6D00029B7E7 /* PlatformCompatibility.swift in Sources */ = {isa = PBXBuildFile; fileRef = 1ED07A8F2F0BF6D00029B7E7 /* PlatformCompatibility.swift */; };
		1ED07A942F0BF6D00029B7E7 /* Assets.xcassets in Resources */ = {isa = PBXBuildFile; fileRef = 1ED07A8C2F0BF6D00029B7E7 /* Assets.xcassets */; };
		1ED07A982F0BF7000029B7E7 /* Renderer.swift in Sources */ = {isa = PBXBuildFile; fileRef = 1ED07A972F0BF7000029B7E7 /* Renderer.swift */; };
		1ED07A9B2F0BF7190029B7E7 /* LookAt.swift in Sources */ = {isa = PBXBuildFile; fileRef = 1ED07A9A2F0BF7190029B7E7 /* LookAt.swift */; };
		1ED07A9D2F0BF7260029B7E7 /* Perspective.swift in Sources */ = {isa = PBXBuildFile; fileRef = 1ED07A9C2F0BF7260029B7E7 /* Perspective.swift */; };
		1ED07AA02F0BF7570029B7E7 /* Camera.swift in Sources */ = {isa = PBXBuildFile; fileRef = 1ED07A9F2F0BF7570029B7E7 /* Camera.swift */; };
		1ED07AA42F0BF7850029B7E7 /* Shaders.metal in Sources */ = {isa = PBXBuildFile; fileRef = 1ED07AA32F0BF7850029B7E7 /* Shaders.metal */; };
		1ED07AA92F0BF8CF0029B7E7 /* Vertex.swift in Sources */ = {isa = PBXBuildFile; fileRef = 1ED07AA82F0BF8CF0029B7E7 /* Vertex.swift */; };
/* End PBXBuildFile section */

/* Begin PBXFileReference section */
		1ED07A7A2F0BF6990029B7E7 /* DepthTest.app */ = {isa = PBXFileReference; explicitFileType = wrapper.application; includeInIndex = 0; path = DepthTest.app; sourceTree = BUILT_PRODUCTS_DIR; };
		1ED07A8C2F0BF6D00029B7E7 /* Assets.xcassets */ = {isa = PBXFileReference; lastKnownFileType = folder.assetcatalog; path = Assets.xcassets; sourceTree = "<group>"; };
		1ED07A8D2F0BF6D00029B7E7 /* MetalView.swift */ = {isa = PBXFileReference; lastKnownFileType = sourcecode.swift; path = MetalView.swift; sourceTree = "<group>"; };
		1ED07A8E2F0BF6D00029B7E7 /* DepthTestApp.swift */ = {isa = PBXFileReference; lastKnownFileType = sourcecode.swift; path = DepthTestApp.swift; sourceTree = "<group>"; };
		1ED07A8F2F0BF6D00029B7E7 /* PlatformCompatibility.swift */ = {isa = PBXFileReference; lastKnownFileType = sourcecode.swift; path = PlatformCompatibility.swift; sourceTree = "<group>"; };
		1ED07A972F0BF7000029B7E7 /* Renderer.swift */ = {isa = PBXFileReference; lastKnownFileType = sourcecode.swift; path = Renderer.swift; sourceTree = "<group>"; };
		1ED07A9A2F0BF7190029B7E7 /* LookAt.swift */ = {isa = PBXFileReference; lastKnownFileType = sourcecode.swift; path = LookAt.swift; sourceTree = "<group>"; };
		1ED07A9C2F0BF7260029B7E7 /* Perspective.swift */ = {isa = PBXFileReference; lastKnownFileType = sourcecode.swift; path = Perspective.swift; sourceTree = "<group>"; };
		1ED07A9F2F0BF7570029B7E7 /* Camera.swift */ = {isa = PBXFileReference; lastKnownFileType = sourcecode.swift; path = Camera.swift; sourceTree = "<group>"; };
		1ED07AA22F0BF7740029B7E7 /* Common.h */ = {isa = PBXFileReference; lastKnownFileType = sourcecode.c.h; path = Common.h; sourceTree = "<group>"; };
		1ED07AA32F0BF7850029B7E7 /* Shaders.metal */ = {isa = PBXFileReference; lastKnownFileType = sourcecode.metal; path = Shaders.metal; sourceTree = "<group>"; };
		1ED07AA82F0BF8CF0029B7E7 /* Vertex.swift */ = {isa = PBXFileReference; lastKnownFileType = sourcecode.swift; path = Vertex.swift; sourceTree = "<group>"; };
/* End PBXFileReference section */

/* Begin PBXFrameworksBuildPhase section */
		1ED07A772F0BF6990029B7E7 /* Frameworks */ = {
			isa = PBXFrameworksBuildPhase;
			buildActionMask = 2147483647;
			files = (
			);
			runOnlyForDeploymentPostprocessing = 0;
		};
/* End PBXFrameworksBuildPhase section */

/* Begin PBXGroup section */
		1ED07A712F0BF6990029B7E7 = {
			isa = PBXGroup;
			children = (
				1ED07A902F0BF6D00029B7E7 /* DepthTest */,
				1ED07A7B2F0BF6990029B7E7 /* Products */,
			);
			sourceTree = "<group>";
		};
		1ED07A7B2F0BF6990029B7E7 /* Products */ = {
			isa = PBXGroup;
			children = (
				1ED07A7A2F0BF6990029B7E7 /* DepthTest.app */,
			);
			name = Products;
			sourceTree = "<group>";
		};
		1ED07A902F0BF6D00029B7E7 /* DepthTest */ = {
			isa = PBXGroup;
			children = (
				1ED07A952F0BF6D30029B7E7 /* App */,
				1ED07A962F0BF6F80029B7E7 /* Views */,
				1ED07A992F0BF7100029B7E7 /* Math */,
				1ED07A9E2F0BF7520029B7E7 /* Models */,
				1ED07AA12F0BF76B0029B7E7 /* Shaders */,
			);
			path = DepthTest;
			sourceTree = "<group>";
		};
		1ED07A952F0BF6D30029B7E7 /* App */ = {
			isa = PBXGroup;
			children = (
				1ED07A8C2F0BF6D00029B7E7 /* Assets.xcassets */,
				1ED07A8E2F0BF6D00029B7E7 /* DepthTestApp.swift */,
				1ED07A8F2F0BF6D00029B7E7 /* PlatformCompatibility.swift */,
			);
			path = App;
			sourceTree = "<group>";
		};
		1ED07A962F0BF6F80029B7E7 /* Views */ = {
			isa = PBXGroup;
			children = (
				1ED07A8D2F0BF6D00029B7E7 /* MetalView.swift */,
				1ED07A972F0BF7000029B7E7 /* Renderer.swift */,
			);
			path = Views;
			sourceTree = "<group>";
		};
		1ED07A992F0BF7100029B7E7 /* Math */ = {
			isa = PBXGroup;
			children = (
				1ED07A9A2F0BF7190029B7E7 /* LookAt.swift */,
				1ED07A9C2F0BF7260029B7E7 /* Perspective.swift */,
			);
			path = Math;
			sourceTree = "<group>";
		};
		1ED07A9E2F0BF7520029B7E7 /* Models */ = {
			isa = PBXGroup;
			children = (
				1ED07A9F2F0BF7570029B7E7 /* Camera.swift */,
				1ED07AA82F0BF8CF0029B7E7 /* Vertex.swift */,
			);
			path = Models;
			sourceTree = "<group>";
		};
		1ED07AA12F0BF76B0029B7E7 /* Shaders */ = {
			isa = PBXGroup;
			children = (
				1ED07AA22F0BF7740029B7E7 /* Common.h */,
				1ED07AA32F0BF7850029B7E7 /* Shaders.metal */,
			);
			path = Shaders;
			sourceTree = "<group>";
		};
/* End PBXGroup section */

/* Begin PBXNativeTarget section */
		1ED07A792F0BF6990029B7E7 /* DepthTest */ = {
			isa = PBXNativeTarget;
			buildConfigurationList = 1ED07A852F0BF69A0029B7E7 /* Build configuration list for PBXNativeTarget "DepthTest" */;
			buildPhases = (
				1ED07A762F0BF6990029B7E7 /* Sources */,
				1ED07A772F0BF6990029B7E7 /* Frameworks */,
				1ED07A782F0BF6990029B7E7 /* Resources */,
			);
			buildRules = (
			);
			dependencies = (
			);
			name = DepthTest;
			packageProductDependencies = (
			);
			productName = DepthTest;
			productReference = 1ED07A7A2F0BF6990029B7E7 /* DepthTest.app */;
			productType = "com.apple.product-type.application";
		};
/* End PBXNativeTarget section */

/* Begin PBXProject section */
		1ED07A722F0BF6990029B7E7 /* Project object */ = {
			isa = PBXProject;
			attributes = {
				BuildIndependentTargetsInParallel = 1;
				LastSwiftUpdateCheck = 2620;
				LastUpgradeCheck = 2620;
				TargetAttributes = {
					1ED07A792F0BF6990029B7E7 = {
						CreatedOnToolsVersion = 26.2;
					};
				};
			};
			buildConfigurationList = 1ED07A752F0BF6990029B7E7 /* Build configuration list for PBXProject "DepthTest" */;
			developmentRegion = en;
			hasScannedForEncodings = 0;
			knownRegions = (
				en,
				Base,
			);
			mainGroup = 1ED07A712F0BF6990029B7E7;
			minimizedProjectReferenceProxies = 1;
			preferredProjectObjectVersion = 77;
			productRefGroup = 1ED07A7B2F0BF6990029B7E7 /* Products */;
			projectDirPath = "";
			projectRoot = "";
			targets = (
				1ED07A792F0BF6990029B7E7 /* DepthTest */,
			);
		};
/* End PBXProject section */

/* Begin PBXResourcesBuildPhase section */
		1ED07A782F0BF6990029B7E7 /* Resources */ = {
			isa = PBXResourcesBuildPhase;
			buildActionMask = 2147483647;
			files = (
				1ED07A942F0BF6D00029B7E7 /* Assets.xcassets in Resources */,
			);
			runOnlyForDeploymentPostprocessing = 0;
		};
/* End PBXResourcesBuildPhase section */

/* Begin PBXSourcesBuildPhase section */
		1ED07A762F0BF6990029B7E7 /* Sources */ = {
			isa = PBXSourcesBuildPhase;
			buildActionMask = 2147483647;
			files = (
				1ED07AA42F0BF7850029B7E7 /* Shaders.metal in Sources */,
				1ED07A982F0BF7000029B7E7 /* Renderer.swift in Sources */,
				1ED07AA92F0BF8CF0029B7E7 /* Vertex.swift in Sources */,
				1ED07A912F0BF6D00029B7E7 /* MetalView.swift in Sources */,
				1ED07A9D2F0BF7260029B7E7 /* Perspective.swift in Sources */,
				1ED07A922F0BF6D00029B7E7 /* DepthTestApp.swift in Sources */,
				1ED07A932F0BF6D00029B7E7 /* PlatformCompatibility.swift in Sources */,
				1ED07AA02F0BF7570029B7E7 /* Camera.swift in Sources */,
				1ED07A9B2F0BF7190029B7E7 /* LookAt.swift in Sources */,
			);
			runOnlyForDeploymentPostprocessing = 0;
		};
/* End PBXSourcesBuildPhase section */

/* Begin XCBuildConfiguration section */
		1ED07A832F0BF69A0029B7E7 /* Debug */ = {
			isa = XCBuildConfiguration;
			buildSettings = {
				ALWAYS_SEARCH_USER_PATHS = NO;
				ASSETCATALOG_COMPILER_GENERATE_SWIFT_ASSET_SYMBOL_EXTENSIONS = YES;
				CLANG_ANALYZER_NONNULL = YES;
				CLANG_ANALYZER_NUMBER_OBJECT_CONVERSION = YES_AGGRESSIVE;
				CLANG_CXX_LANGUAGE_STANDARD = "gnu++20";
				CLANG_ENABLE_MODULES = YES;
				CLANG_ENABLE_OBJC_ARC = YES;
				CLANG_ENABLE_OBJC_WEAK = YES;
				CLANG_WARN_BLOCK_CAPTURE_AUTORELEASING = YES;
				CLANG_WARN_BOOL_CONVERSION = YES;
				CLANG_WARN_COMMA = YES;
				CLANG_WARN_CONSTANT_CONVERSION = YES;
				CLANG_WARN_DEPRECATED_OBJC_IMPLEMENTATIONS = YES;
				CLANG_WARN_DIRECT_OBJC_ISA_USAGE = YES_ERROR;
				CLANG_WARN_DOCUMENTATION_COMMENTS = YES;
				CLANG_WARN_EMPTY_BODY = YES;
				CLANG_WARN_ENUM_CONVERSION = YES;
				CLANG_WARN_INFINITE_RECURSION = YES;
				CLANG_WARN_INT_CONVERSION = YES;
				CLANG_WARN_NON_LITERAL_NULL_CONVERSION = YES;
				CLANG_WARN_OBJC_IMPLICIT_RETAIN_SELF = YES;
				CLANG_WARN_OBJC_LITERAL_CONVERSION = YES;
				CLANG_WARN_OBJC_ROOT_CLASS = YES_ERROR;
				CLANG_WARN_QUOTED_INCLUDE_IN_FRAMEWORK_HEADER = YES;
				CLANG_WARN_RANGE_LOOP_ANALYSIS = YES;
				CLANG_WARN_STRICT_PROTOTYPES = YES;
				CLANG_WARN_SUSPICIOUS_MOVE = YES;
				CLANG_WARN_UNGUARDED_AVAILABILITY = YES_AGGRESSIVE;
				CLANG_WARN_UNREACHABLE_CODE = YES;
				CLANG_WARN__DUPLICATE_METHOD_MATCH = YES;
				COPY_PHASE_STRIP = NO;
				DEBUG_INFORMATION_FORMAT = dwarf;
				ENABLE_STRICT_OBJC_MSGSEND = YES;
				ENABLE_TESTABILITY = YES;
				ENABLE_USER_SCRIPT_SANDBOXING = YES;
				GCC_C_LANGUAGE_STANDARD = gnu17;
				GCC_DYNAMIC_NO_PIC = NO;
				GCC_NO_COMMON_BLOCKS = YES;
				GCC_OPTIMIZATION_LEVEL = 0;
				GCC_PREPROCESSOR_DEFINITIONS = (
					"DEBUG=1",
					"$(inherited)",
				);
				GCC_WARN_64_TO_32_BIT_CONVERSION = YES;
				GCC_WARN_ABOUT_RETURN_TYPE = YES_ERROR;
				GCC_WARN_UNDECLARED_SELECTOR = YES;
				GCC_WARN_UNINITIALIZED_AUTOS = YES_AGGRESSIVE;
				GCC_WARN_UNUSED_FUNCTION = YES;
				GCC_WARN_UNUSED_VARIABLE = YES;
				LOCALIZATION_PREFERS_STRING_CATALOGS = YES;
				MTL_ENABLE_DEBUG_INFO = INCLUDE_SOURCE;
				MTL_FAST_MATH = YES;
				ONLY_ACTIVE_ARCH = YES;
				SWIFT_ACTIVE_COMPILATION_CONDITIONS = "DEBUG $(inherited)";
				SWIFT_OPTIMIZATION_LEVEL = "-Onone";
			};
			name = Debug;
		};
		1ED07A842F0BF69A0029B7E7 /* Release */ = {
			isa = XCBuildConfiguration;
			buildSettings = {
				ALWAYS_SEARCH_USER_PATHS = NO;
				ASSETCATALOG_COMPILER_GENERATE_SWIFT_ASSET_SYMBOL_EXTENSIONS = YES;
				CLANG_ANALYZER_NONNULL = YES;
				CLANG_ANALYZER_NUMBER_OBJECT_CONVERSION = YES_AGGRESSIVE;
				CLANG_CXX_LANGUAGE_STANDARD = "gnu++20";
				CLANG_ENABLE_MODULES = YES;
				CLANG_ENABLE_OBJC_ARC = YES;
				CLANG_ENABLE_OBJC_WEAK = YES;
				CLANG_WARN_BLOCK_CAPTURE_AUTORELEASING = YES;
				CLANG_WARN_BOOL_CONVERSION = YES;
				CLANG_WARN_COMMA = YES;
				CLANG_WARN_CONSTANT_CONVERSION = YES;
				CLANG_WARN_DEPRECATED_OBJC_IMPLEMENTATIONS = YES;
				CLANG_WARN_DIRECT_OBJC_ISA_USAGE = YES_ERROR;
				CLANG_WARN_DOCUMENTATION_COMMENTS = YES;
				CLANG_WARN_EMPTY_BODY = YES;
				CLANG_WARN_ENUM_CONVERSION = YES;
				CLANG_WARN_INFINITE_RECURSION = YES;
				CLANG_WARN_INT_CONVERSION = YES;
				CLANG_WARN_NON_LITERAL_NULL_CONVERSION = YES;
				CLANG_WARN_OBJC_IMPLICIT_RETAIN_SELF = YES;
				CLANG_WARN_OBJC_LITERAL_CONVERSION = YES;
				CLANG_WARN_OBJC_ROOT_CLASS = YES_ERROR;
				CLANG_WARN_QUOTED_INCLUDE_IN_FRAMEWORK_HEADER = YES;
				CLANG_WARN_RANGE_LOOP_ANALYSIS = YES;
				CLANG_WARN_STRICT_PROTOTYPES = YES;
				CLANG_WARN_SUSPICIOUS_MOVE = YES;
				CLANG_WARN_UNGUARDED_AVAILABILITY = YES_AGGRESSIVE;
				CLANG_WARN_UNREACHABLE_CODE = YES;
				CLANG_WARN__DUPLICATE_METHOD_MATCH = YES;
				COPY_PHASE_STRIP = NO;
				DEBUG_INFORMATION_FORMAT = "dwarf-with-dsym";
				ENABLE_NS_ASSERTIONS = NO;
				ENABLE_STRICT_OBJC_MSGSEND = YES;
				ENABLE_USER_SCRIPT_SANDBOXING = YES;
				GCC_C_LANGUAGE_STANDARD = gnu17;
				GCC_NO_COMMON_BLOCKS = YES;
				GCC_WARN_64_TO_32_BIT_CONVERSION = YES;
				GCC_WARN_ABOUT_RETURN_TYPE = YES_ERROR;
				GCC_WARN_UNDECLARED_SELECTOR = YES;
				GCC_WARN_UNINITIALIZED_AUTOS = YES_AGGRESSIVE;
				GCC_WARN_UNUSED_FUNCTION = YES;
				GCC_WARN_UNUSED_VARIABLE = YES;
				LOCALIZATION_PREFERS_STRING_CATALOGS = YES;
				MTL_ENABLE_DEBUG_INFO = NO;
				MTL_FAST_MATH = YES;
				SWIFT_COMPILATION_MODE = wholemodule;
			};
			name = Release;
		};
		1ED07A862F0BF69A0029B7E7 /* Debug */ = {
			isa = XCBuildConfiguration;
			buildSettings = {
				ASSETCATALOG_COMPILER_APPICON_NAME = AppIcon;
				ASSETCATALOG_COMPILER_GLOBAL_ACCENT_COLOR_NAME = AccentColor;
				CODE_SIGN_STYLE = Automatic;
				CURRENT_PROJECT_VERSION = 1;
				ENABLE_APP_SANDBOX = YES;
				ENABLE_PREVIEWS = YES;
				ENABLE_USER_SELECTED_FILES = readonly;
				GENERATE_INFOPLIST_FILE = YES;
				"INFOPLIST_KEY_UIApplicationSceneManifest_Generation[sdk=iphoneos*]" = YES;
				"INFOPLIST_KEY_UIApplicationSceneManifest_Generation[sdk=iphonesimulator*]" = YES;
				"INFOPLIST_KEY_UIApplicationSupportsIndirectInputEvents[sdk=iphoneos*]" = YES;
				"INFOPLIST_KEY_UIApplicationSupportsIndirectInputEvents[sdk=iphonesimulator*]" = YES;
				"INFOPLIST_KEY_UILaunchScreen_Generation[sdk=iphoneos*]" = YES;
				"INFOPLIST_KEY_UILaunchScreen_Generation[sdk=iphonesimulator*]" = YES;
				"INFOPLIST_KEY_UIStatusBarStyle[sdk=iphoneos*]" = UIStatusBarStyleDefault;
				"INFOPLIST_KEY_UIStatusBarStyle[sdk=iphonesimulator*]" = UIStatusBarStyleDefault;
				INFOPLIST_KEY_UISupportedInterfaceOrientations_iPad = "UIInterfaceOrientationPortrait UIInterfaceOrientationPortraitUpsideDown UIInterfaceOrientationLandscapeLeft UIInterfaceOrientationLandscapeRight";
				INFOPLIST_KEY_UISupportedInterfaceOrientations_iPhone = "UIInterfaceOrientationPortrait UIInterfaceOrientationLandscapeLeft UIInterfaceOrientationLandscapeRight";
				IPHONEOS_DEPLOYMENT_TARGET = 26.2;
				LD_RUNPATH_SEARCH_PATHS = "@executable_path/Frameworks";
				"LD_RUNPATH_SEARCH_PATHS[sdk=macosx*]" = "@executable_path/../Frameworks";
				MACOSX_DEPLOYMENT_TARGET = 26.2;
				MARKETING_VERSION = 1.0;
				PRODUCT_BUNDLE_IDENTIFIER = "com.metal-lab.DepthTest";
				PRODUCT_NAME = "$(TARGET_NAME)";
				REGISTER_APP_GROUPS = YES;
				SDKROOT = auto;
				STRING_CATALOG_GENERATE_SYMBOLS = YES;
				SUPPORTED_PLATFORMS = "iphoneos iphonesimulator macosx xros xrsimulator";
				SWIFT_APPROACHABLE_CONCURRENCY = YES;
				SWIFT_DEFAULT_ACTOR_ISOLATION = MainActor;
				SWIFT_EMIT_LOC_STRINGS = YES;
				SWIFT_OBJC_BRIDGING_HEADER = "$(SRCROOT)/$(TARGET_NAME)/Shaders/Common.h";
				SWIFT_UPCOMING_FEATURE_MEMBER_IMPORT_VISIBILITY = YES;
				SWIFT_VERSION = 5.0;
				TARGETED_DEVICE_FAMILY = "1,2,7";
				XROS_DEPLOYMENT_TARGET = 26.2;
			};
			name = Debug;
		};
		1ED07A872F0BF69A0029B7E7 /* Release */ = {
			isa = XCBuildConfiguration;
			buildSettings = {
				ASSETCATALOG_COMPILER_APPICON_NAME = AppIcon;
				ASSETCATALOG_COMPILER_GLOBAL_ACCENT_COLOR_NAME = AccentColor;
				CODE_SIGN_STYLE = Automatic;
				CURRENT_PROJECT_VERSION = 1;
				ENABLE_APP_SANDBOX = YES;
				ENABLE_PREVIEWS = YES;
				ENABLE_USER_SELECTED_FILES = readonly;
				GENERATE_INFOPLIST_FILE = YES;
				"INFOPLIST_KEY_UIApplicationSceneManifest_Generation[sdk=iphoneos*]" = YES;
				"INFOPLIST_KEY_UIApplicationSceneManifest_Generation[sdk=iphonesimulator*]" = YES;
				"INFOPLIST_KEY_UIApplicationSupportsIndirectInputEvents[sdk=iphoneos*]" = YES;
				"INFOPLIST_KEY_UIApplicationSupportsIndirectInputEvents[sdk=iphonesimulator*]" = YES;
				"INFOPLIST_KEY_UILaunchScreen_Generation[sdk=iphoneos*]" = YES;
				"INFOPLIST_KEY_UILaunchScreen_Generation[sdk=iphonesimulator*]" = YES;
				"INFOPLIST_KEY_UIStatusBarStyle[sdk=iphoneos*]" = UIStatusBarStyleDefault;
				"INFOPLIST_KEY_UIStatusBarStyle[sdk=iphonesimulator*]" = UIStatusBarStyleDefault;
				INFOPLIST_KEY_UISupportedInterfaceOrientations_iPad = "UIInterfaceOrientationPortrait UIInterfaceOrientationPortraitUpsideDown UIInterfaceOrientationLandscapeLeft UIInterfaceOrientationLandscapeRight";
				INFOPLIST_KEY_UISupportedInterfaceOrientations_iPhone = "UIInterfaceOrientationPortrait UIInterfaceOrientationLandscapeLeft UIInterfaceOrientationLandscapeRight";
				IPHONEOS_DEPLOYMENT_TARGET = 26.2;
				LD_RUNPATH_SEARCH_PATHS = "@executable_path/Frameworks";
				"LD_RUNPATH_SEARCH_PATHS[sdk=macosx*]" = "@executable_path/../Frameworks";
				MACOSX_DEPLOYMENT_TARGET = 26.2;
				MARKETING_VERSION = 1.0;
				PRODUCT_BUNDLE_IDENTIFIER = "com.metal-lab.DepthTest";
				PRODUCT_NAME = "$(TARGET_NAME)";
				REGISTER_APP_GROUPS = YES;
				SDKROOT = auto;
				STRING_CATALOG_GENERATE_SYMBOLS = YES;
				SUPPORTED_PLATFORMS = "iphoneos iphonesimulator macosx xros xrsimulator";
				SWIFT_APPROACHABLE_CONCURRENCY = YES;
				SWIFT_DEFAULT_ACTOR_ISOLATION = MainActor;
				SWIFT_EMIT_LOC_STRINGS = YES;
				SWIFT_OBJC_BRIDGING_HEADER = "$(SRCROOT)/$(TARGET_NAME)/Shaders/Common.h";
				SWIFT_UPCOMING_FEATURE_MEMBER_IMPORT_VISIBILITY = YES;
				SWIFT_VERSION = 5.0;
				TARGETED_DEVICE_FAMILY = "1,2,7";
				XROS_DEPLOYMENT_TARGET = 26.2;
			};
			name = Release;
		};
/* End XCBuildConfiguration section */

/* Begin XCConfigurationList section */
		1ED07A752F0BF6990029B7E7 /* Build configuration list for PBXProject "DepthTest" */ = {
			isa = XCConfigurationList;
			buildConfigurations = (
				1ED07A832F0BF69A0029B7E7 /* Debug */,
				1ED07A842F0BF69A0029B7E7 /* Release */,
			);
			defaultConfigurationIsVisible = 0;
			defaultConfigurationName = Release;
		};
		1ED07A852F0BF69A0029B7E7 /* Build configuration list for PBXNativeTarget "DepthTest" */ = {
			isa = XCConfigurationList;
			buildConfigurations = (
				1ED07A862F0BF69A0029B7E7 /* Debug */,
				1ED07A872F0BF69A0029B7E7 /* Release */,
			);
			defaultConfigurationIsVisible = 0;
			defaultConfigurationName = Release;
		};
/* End XCConfigurationList section */
	};
	rootObject = 1ED07A722F0BF6990029B7E7 /* Project object */;
}
